
Microsoft Visual Studio Solution File, Format Version 12.00
# Visual Studio Version 17
VisualStudioVersion = 17.9.34607.119
MinimumVisualStudioVersion = 10.0.40219.1
Project("{9A19103F-16F7-4668-BE54-9A1E7A4F7556}") = "ConsoleCalculator", "Console Calculator\ConsoleCalculator.csproj", "{B9086AB5-9AFA-4872-BD75-57A1CB22F5D6}"
EndProject
Project("{9A19103F-16F7-4668-BE54-9A1E7A4F7556}") = "GuessTheNumber", "GuessTheNumber\GuessTheNumber.csproj", "{4065E3CC-0BF1-4CB4-BD14-CC3163893D35}"
EndProject
Project("{FAE04EC0-301F-11D3-BF4B-00C04F79EFBC}") = "HangmanGame", "HangmanGame\HangmanGame.csproj", "{6F8E4D65-A403-4194-A2C9-AF56A97F825A}"
EndProject
Global
	GlobalSection(SolutionConfigurationPlatforms) = preSolution
		Debug|Any CPU = Debug|Any CPU
		Release|Any CPU = Release|Any CPU
	EndGlobalSection
	GlobalSection(ProjectConfigurationPlatforms) = postSolution
		{B9086AB5-9AFA-4872-BD75-57A1CB22F5D6}.Debug|Any CPU.ActiveCfg = Debug|Any CPU
		{B9086AB5-9AFA-4872-BD75-57A1CB22F5D6}.Debug|Any CPU.Build.0 = Debug|Any CPU
		{B9086AB5-9AFA-4872-BD75-57A1CB22F5D6}.Release|Any CPU.ActiveCfg = Release|Any CPU
		{B9086AB5-9AFA-4872-BD75-57A1CB22F5D6}.Release|Any CPU.Build.0 = Release|Any CPU
		{4065E3CC-0BF1-4CB4-BD14-CC3163893D35}.Debug|Any CPU.ActiveCfg = Debug|Any CPU
		{4065E3CC-0BF1-4CB4-BD14-CC3163893D35}.Debug|Any CPU.Build.0 = Debug|Any CPU
		{4065E3CC-0BF1-4CB4-BD14-CC3163893D35}.Release|Any CPU.ActiveCfg = Release|Any CPU
		{4065E3CC-0BF1-4CB4-BD14-CC3163893D35}.Release|Any CPU.Build.0 = Release|Any CPU
		{6F8E4D65-A403-4194-A2C9-AF56A97F825A}.Debug|Any CPU.ActiveCfg = Debug|Any CPU
		{6F8E4D65-A403-4194-A2C9-AF56A97F825A}.Debug|Any CPU.Build.0 = Debug|Any CPU
		{6F8E4D65-A403-4194-A2C9-AF56A97F825A}.Release|Any CPU.ActiveCfg = Release|Any CPU
		{6F8E4D65-A403-4194-A2C9-AF56A97F825A}.Release|Any CPU.Build.0 = Release|Any CPU
	EndGlobalSection
	GlobalSection(SolutionProperties) = preSolution
		HideSolutionNode = FALSE
	EndGlobalSection
	GlobalSection(ExtensibilityGlobals) = postSolution
		SolutionGuid = {D16B0145-80A8-48FD-8B7E-B580029D14C0}
	EndGlobalSection
EndGlobal
